
Microsoft Visual Studio Solution File, Format Version 12.00
# Visual Studio Version 17
VisualStudioVersion = 17.3.32929.385
MinimumVisualStudioVersion = 10.0.40219.1
Project("{9A19103F-16F7-4668-BE54-9A1E7A4F7556}") = "Riddled With Bugs Core GH", "Riddled With Bugs Core\Riddled With Bugs Core GH.csproj", "{A8868502-FCDA-46CA-8409-B4FE16AF1E87}"
EndProject
Project("{9A19103F-16F7-4668-BE54-9A1E7A4F7556}") = "RiddledWithBugsCoreLibrary GH", "RiddledWithBugsCoreLibrary\RiddledWithBugsCoreLibrary GH.csproj", "{E514D24E-058E-4F67-A0F1-D5AF5424EB76}"
EndProject
Global
	GlobalSection(SolutionConfigurationPlatforms) = preSolution
		Debug|Any CPU = Debug|Any CPU
		Release|Any CPU = Release|Any CPU
	EndGlobalSection
	GlobalSection(ProjectConfigurationPlatforms) = postSolution
		{A8868502-FCDA-46CA-8409-B4FE16AF1E87}.Debug|Any CPU.ActiveCfg = Debug|Any CPU
		{A8868502-FCDA-46CA-8409-B4FE16AF1E87}.Debug|Any CPU.Build.0 = Debug|Any CPU
		{A8868502-FCDA-46CA-8409-B4FE16AF1E87}.Release|Any CPU.ActiveCfg = Release|Any CPU
		{A8868502-FCDA-46CA-8409-B4FE16AF1E87}.Release|Any CPU.Build.0 = Release|Any CPU
		{E514D24E-058E-4F67-A0F1-D5AF5424EB76}.Debug|Any CPU.ActiveCfg = Debug|Any CPU
		{E514D24E-058E-4F67-A0F1-D5AF5424EB76}.Debug|Any CPU.Build.0 = Debug|Any CPU
		{E514D24E-058E-4F67-A0F1-D5AF5424EB76}.Release|Any CPU.ActiveCfg = Release|Any CPU
		{E514D24E-058E-4F67-A0F1-D5AF5424EB76}.Release|Any CPU.Build.0 = Release|Any CPU
	EndGlobalSection
	GlobalSection(SolutionProperties) = preSolution
		HideSolutionNode = FALSE
	EndGlobalSection
	GlobalSection(ExtensibilityGlobals) = postSolution
		SolutionGuid = {3C7A7BA6-F4AC-4B23-A092-F648142905C4}
	EndGlobalSection
EndGlobal
